
Microsoft Visual Studio Solution File, Format Version 12.00
# Visual Studio 15
VisualStudioVersion = 15.0.26430.6
MinimumVisualStudioVersion = 10.0.40219.1
Project("{FAE04EC0-301F-11D3-BF4B-00C04F79EFBC}") = "eindwerkBackend", "eindwerkBackend\eindwerkBackend.csproj", "{9E61F628-A55E-4734-97C3-D750949DFC89}"
EndProject
Project("{FAE04EC0-301F-11D3-BF4B-00C04F79EFBC}") = "eindwerkBackend.EF", "eindwerkBackend.EF\eindwerkBackend.EF.csproj", "{BFB75215-64D9-4C93-B970-F748D3DB96F1}"
EndProject
Global
	GlobalSection(SolutionConfigurationPlatforms) = preSolution
		Debug|Any CPU = Debug|Any CPU
		Release|Any CPU = Release|Any CPU
	EndGlobalSection
	GlobalSection(ProjectConfigurationPlatforms) = postSolution
		{9E61F628-A55E-4734-97C3-D750949DFC89}.Debug|Any CPU.ActiveCfg = Debug|Any CPU
		{9E61F628-A55E-4734-97C3-D750949DFC89}.Debug|Any CPU.Build.0 = Debug|Any CPU
		{9E61F628-A55E-4734-97C3-D750949DFC89}.Release|Any CPU.ActiveCfg = Release|Any CPU
		{9E61F628-A55E-4734-97C3-D750949DFC89}.Release|Any CPU.Build.0 = Release|Any CPU
		{BFB75215-64D9-4C93-B970-F748D3DB96F1}.Debug|Any CPU.ActiveCfg = Debug|Any CPU
		{BFB75215-64D9-4C93-B970-F748D3DB96F1}.Debug|Any CPU.Build.0 = Debug|Any CPU
		{BFB75215-64D9-4C93-B970-F748D3DB96F1}.Release|Any CPU.ActiveCfg = Release|Any CPU
		{BFB75215-64D9-4C93-B970-F748D3DB96F1}.Release|Any CPU.Build.0 = Release|Any CPU
	EndGlobalSection
	GlobalSection(SolutionProperties) = preSolution
		HideSolutionNode = FALSE
	EndGlobalSection
EndGlobal
